
Microsoft Visual Studio Solution File, Format Version 12.00
# Visual Studio Version 17
VisualStudioVersion = 17.3.32825.248
MinimumVisualStudioVersion = 10.0.40219.1
Project("{FAE04EC0-301F-11D3-BF4B-00C04F79EFBC}") = "Regex_FILE_LINQ", "Regex_FILE_LINQ\Regex_FILE_LINQ.csproj", "{6F5AF84C-A048-4CDD-AC58-5A82EF1F2694}"
EndProject
Global
	GlobalSection(SolutionConfigurationPlatforms) = preSolution
		Debug|Any CPU = Debug|Any CPU
		Release|Any CPU = Release|Any CPU
	EndGlobalSection
	GlobalSection(ProjectConfigurationPlatforms) = postSolution
		{6F5AF84C-A048-4CDD-AC58-5A82EF1F2694}.Debug|Any CPU.ActiveCfg = Debug|Any CPU
		{6F5AF84C-A048-4CDD-AC58-5A82EF1F2694}.Debug|Any CPU.Build.0 = Debug|Any CPU
		{6F5AF84C-A048-4CDD-AC58-5A82EF1F2694}.Release|Any CPU.ActiveCfg = Release|Any CPU
		{6F5AF84C-A048-4CDD-AC58-5A82EF1F2694}.Release|Any CPU.Build.0 = Release|Any CPU
	EndGlobalSection
	GlobalSection(SolutionProperties) = preSolution
		HideSolutionNode = FALSE
	EndGlobalSection
	GlobalSection(ExtensibilityGlobals) = postSolution
		SolutionGuid = {E00151CB-A8BD-4E01-8BBA-293C46A118AB}
	EndGlobalSection
EndGlobal
