
Microsoft Visual Studio Solution File, Format Version 12.00
# Visual Studio Version 17
VisualStudioVersion = 17.3.32825.248
MinimumVisualStudioVersion = 10.0.40219.1
Project("{FAE04EC0-301F-11D3-BF4B-00C04F79EFBC}") = "Pliki_eventy_Json", "Pliki_eventy_Json\Pliki_eventy_Json.csproj", "{2228F8F4-9EEC-4CC1-B268-7FFB9EDE77CD}"
EndProject
Global
	GlobalSection(SolutionConfigurationPlatforms) = preSolution
		Debug|Any CPU = Debug|Any CPU
		Release|Any CPU = Release|Any CPU
	EndGlobalSection
	GlobalSection(ProjectConfigurationPlatforms) = postSolution
		{2228F8F4-9EEC-4CC1-B268-7FFB9EDE77CD}.Debug|Any CPU.ActiveCfg = Debug|Any CPU
		{2228F8F4-9EEC-4CC1-B268-7FFB9EDE77CD}.Debug|Any CPU.Build.0 = Debug|Any CPU
		{2228F8F4-9EEC-4CC1-B268-7FFB9EDE77CD}.Release|Any CPU.ActiveCfg = Release|Any CPU
		{2228F8F4-9EEC-4CC1-B268-7FFB9EDE77CD}.Release|Any CPU.Build.0 = Release|Any CPU
	EndGlobalSection
	GlobalSection(SolutionProperties) = preSolution
		HideSolutionNode = FALSE
	EndGlobalSection
	GlobalSection(ExtensibilityGlobals) = postSolution
		SolutionGuid = {8B5AF5D0-68EA-437D-861C-704910B2F7C6}
	EndGlobalSection
EndGlobal
