
Microsoft Visual Studio Solution File, Format Version 12.00
# Visual Studio Version 17
VisualStudioVersion = 17.3.32825.248
MinimumVisualStudioVersion = 10.0.40219.1
Project("{FAE04EC0-301F-11D3-BF4B-00C04F79EFBC}") = "macierze", "macierze\macierze.csproj", "{DFFA37DD-B63C-48F3-AA94-19F80DC6828D}"
EndProject
Global
	GlobalSection(SolutionConfigurationPlatforms) = preSolution
		Debug|Any CPU = Debug|Any CPU
		Release|Any CPU = Release|Any CPU
	EndGlobalSection
	GlobalSection(ProjectConfigurationPlatforms) = postSolution
		{DFFA37DD-B63C-48F3-AA94-19F80DC6828D}.Debug|Any CPU.ActiveCfg = Debug|Any CPU
		{DFFA37DD-B63C-48F3-AA94-19F80DC6828D}.Debug|Any CPU.Build.0 = Debug|Any CPU
		{DFFA37DD-B63C-48F3-AA94-19F80DC6828D}.Release|Any CPU.ActiveCfg = Release|Any CPU
		{DFFA37DD-B63C-48F3-AA94-19F80DC6828D}.Release|Any CPU.Build.0 = Release|Any CPU
	EndGlobalSection
	GlobalSection(SolutionProperties) = preSolution
		HideSolutionNode = FALSE
	EndGlobalSection
	GlobalSection(ExtensibilityGlobals) = postSolution
		SolutionGuid = {3EF1DCFF-110C-4F5F-B0DB-F7D8222D02F4}
	EndGlobalSection
EndGlobal
