
Microsoft Visual Studio Solution File, Format Version 12.00
# Visual Studio Version 17
VisualStudioVersion = 17.3.32825.248
MinimumVisualStudioVersion = 10.0.40219.1
Project("{FAE04EC0-301F-11D3-BF4B-00C04F79EFBC}") = "Calka", "Calka\Calka.csproj", "{110D562D-8758-4293-8835-7483A803F0A0}"
EndProject
Global
	GlobalSection(SolutionConfigurationPlatforms) = preSolution
		Debug|Any CPU = Debug|Any CPU
		Release|Any CPU = Release|Any CPU
	EndGlobalSection
	GlobalSection(ProjectConfigurationPlatforms) = postSolution
		{110D562D-8758-4293-8835-7483A803F0A0}.Debug|Any CPU.ActiveCfg = Debug|Any CPU
		{110D562D-8758-4293-8835-7483A803F0A0}.Debug|Any CPU.Build.0 = Debug|Any CPU
		{110D562D-8758-4293-8835-7483A803F0A0}.Release|Any CPU.ActiveCfg = Release|Any CPU
		{110D562D-8758-4293-8835-7483A803F0A0}.Release|Any CPU.Build.0 = Release|Any CPU
	EndGlobalSection
	GlobalSection(SolutionProperties) = preSolution
		HideSolutionNode = FALSE
	EndGlobalSection
	GlobalSection(ExtensibilityGlobals) = postSolution
		SolutionGuid = {71841F95-BDA0-4831-AC1B-77D25EF7615B}
	EndGlobalSection
EndGlobal
